{
  "name": "basta2017",
  "version": "1.0.0",
  "lockfileVersion": 1,
  "requires": true,
  "dependencies": {
    "bxslider": {
      "version": "4.2.13",
      "resolved": "https://registry.npmjs.org/bxslider/-/bxslider-4.2.13.tgz",
      "integrity": "sha512-T0xMeVQ42R/Nmd/RApabMtrnOyLS2Ey23n5EA8N6HTrGHuycVUdMasDa5iLmFsolS4PGMxInphV873jhcBHZng=="
    },
    "github-widget-lite": {
      "version": "0.2.5",
      "resolved": "https://registry.npmjs.org/github-widget-lite/-/github-widget-lite-0.2.5.tgz",
      "integrity": "sha1-eld5oCKQx50J2fTcD5zlS8D+8Bw="
    },
    "jquery": {
      "version": "3.3.1",
      "resolved": "https://registry.npmjs.org/jquery/-/jquery-3.3.1.tgz",
      "integrity": "sha512-Ubldcmxp5np52/ENotGxlLe6aGMvmF4R8S6tZjsP6Knsaxd/xp3Zrh50cG93lR6nPXyUFwzN3ZSOQI0wRJNdGg=="
    },
    "marked": {
      "version": "0.3.12",
      "resolved": "https://registry.npmjs.org/marked/-/marked-0.3.12.tgz",
      "integrity": "sha512-k4NaW+vS7ytQn6MgJn3fYpQt20/mOgYM5Ft9BYMfQJDz2QT6yEeS9XJ8k2Nw8JTeWK/znPPW2n3UJGzyYEiMoA=="
    }
  }
}
